
Microsoft Visual Studio Solution File, Format Version 12.00
# Visual Studio 15
Project("{FAE04EC0-301F-11D3-BF4B-00C04F79EFBC}") = "FH-Aachen.Powerwall.Xrplugin.Tracking.Vicon", "FH-Aachen.Powerwall.Xrplugin.Tracking.Vicon.csproj", "{EC6518D7-DA52-430B-63CC-1840895ACCEF}"
EndProject
Project("{FAE04EC0-301F-11D3-BF4B-00C04F79EFBC}") = "fh-aachen.powerwall.xrplugin", "fh-aachen.powerwall.xrplugin.csproj", "{FAA3BD18-6929-7ECC-6C6E-C3D0701FEEA7}"
EndProject
Project("{FAE04EC0-301F-11D3-BF4B-00C04F79EFBC}") = "Unity.XR.Interaction.Toolkit.Samples.StarterAssets", "Unity.XR.Interaction.Toolkit.Samples.StarterAssets.csproj", "{8A2DBB03-8A9E-300B-9695-43A6608BDFC8}"
EndProject
Project("{FAE04EC0-301F-11D3-BF4B-00C04F79EFBC}") = "FH-Aachen.Powerwall.Xrplugin.Tracking.Dtrack", "FH-Aachen.Powerwall.Xrplugin.Tracking.Dtrack.csproj", "{6FFD12F6-3389-4A51-35AD-747823AD64C0}"
EndProject
Project("{FAE04EC0-301F-11D3-BF4B-00C04F79EFBC}") = "FH-Aachen.Powerwall.Xrplugin.Tracking.Settings", "FH-Aachen.Powerwall.Xrplugin.Tracking.Settings.csproj", "{4AE64B41-23B2-029F-2763-8406505330D7}"
EndProject
Project("{FAE04EC0-301F-11D3-BF4B-00C04F79EFBC}") = "FH-Aachen.Powerwall.Xrplugin.Editor", "FH-Aachen.Powerwall.Xrplugin.Editor.csproj", "{24DBCF20-6787-988E-DD8B-220D7A0869BA}"
EndProject
Project("{FAE04EC0-301F-11D3-BF4B-00C04F79EFBC}") = "Assembly-CSharp", "Assembly-CSharp.csproj", "{E1CE1FEE-67BE-6533-73AA-CC578BE80DCD}"
EndProject
Project("{FAE04EC0-301F-11D3-BF4B-00C04F79EFBC}") = "Unity.XR.Interaction.Toolkit.Samples.StarterAssets.Editor", "Unity.XR.Interaction.Toolkit.Samples.StarterAssets.Editor.csproj", "{2ED1CDFE-AEB5-E911-0BF3-B6FA34EC12AF}"
EndProject
Global
	GlobalSection(SolutionConfigurationPlatforms) = preSolution
		Debug|Any CPU = Debug|Any CPU
		Release|Any CPU = Release|Any CPU
	EndGlobalSection
	GlobalSection(ProjectConfigurationPlatforms) = postSolution
		{EC6518D7-DA52-430B-63CC-1840895ACCEF}.Debug|Any CPU.ActiveCfg = Debug|Any CPU
		{EC6518D7-DA52-430B-63CC-1840895ACCEF}.Debug|Any CPU.Build.0 = Debug|Any CPU
		{EC6518D7-DA52-430B-63CC-1840895ACCEF}.Release|Any CPU.ActiveCfg = Release|Any CPU
		{EC6518D7-DA52-430B-63CC-1840895ACCEF}.Release|Any CPU.Build.0 = Release|Any CPU
		{FAA3BD18-6929-7ECC-6C6E-C3D0701FEEA7}.Debug|Any CPU.ActiveCfg = Debug|Any CPU
		{FAA3BD18-6929-7ECC-6C6E-C3D0701FEEA7}.Debug|Any CPU.Build.0 = Debug|Any CPU
		{FAA3BD18-6929-7ECC-6C6E-C3D0701FEEA7}.Release|Any CPU.ActiveCfg = Release|Any CPU
		{FAA3BD18-6929-7ECC-6C6E-C3D0701FEEA7}.Release|Any CPU.Build.0 = Release|Any CPU
		{8A2DBB03-8A9E-300B-9695-43A6608BDFC8}.Debug|Any CPU.ActiveCfg = Debug|Any CPU
		{8A2DBB03-8A9E-300B-9695-43A6608BDFC8}.Debug|Any CPU.Build.0 = Debug|Any CPU
		{8A2DBB03-8A9E-300B-9695-43A6608BDFC8}.Release|Any CPU.ActiveCfg = Release|Any CPU
		{8A2DBB03-8A9E-300B-9695-43A6608BDFC8}.Release|Any CPU.Build.0 = Release|Any CPU
		{6FFD12F6-3389-4A51-35AD-747823AD64C0}.Debug|Any CPU.ActiveCfg = Debug|Any CPU
		{6FFD12F6-3389-4A51-35AD-747823AD64C0}.Debug|Any CPU.Build.0 = Debug|Any CPU
		{6FFD12F6-3389-4A51-35AD-747823AD64C0}.Release|Any CPU.ActiveCfg = Release|Any CPU
		{6FFD12F6-3389-4A51-35AD-747823AD64C0}.Release|Any CPU.Build.0 = Release|Any CPU
		{4AE64B41-23B2-029F-2763-8406505330D7}.Debug|Any CPU.ActiveCfg = Debug|Any CPU
		{4AE64B41-23B2-029F-2763-8406505330D7}.Debug|Any CPU.Build.0 = Debug|Any CPU
		{4AE64B41-23B2-029F-2763-8406505330D7}.Release|Any CPU.ActiveCfg = Release|Any CPU
		{4AE64B41-23B2-029F-2763-8406505330D7}.Release|Any CPU.Build.0 = Release|Any CPU
		{24DBCF20-6787-988E-DD8B-220D7A0869BA}.Debug|Any CPU.ActiveCfg = Debug|Any CPU
		{24DBCF20-6787-988E-DD8B-220D7A0869BA}.Debug|Any CPU.Build.0 = Debug|Any CPU
		{24DBCF20-6787-988E-DD8B-220D7A0869BA}.Release|Any CPU.ActiveCfg = Release|Any CPU
		{24DBCF20-6787-988E-DD8B-220D7A0869BA}.Release|Any CPU.Build.0 = Release|Any CPU
		{E1CE1FEE-67BE-6533-73AA-CC578BE80DCD}.Debug|Any CPU.ActiveCfg = Debug|Any CPU
		{E1CE1FEE-67BE-6533-73AA-CC578BE80DCD}.Debug|Any CPU.Build.0 = Debug|Any CPU
		{E1CE1FEE-67BE-6533-73AA-CC578BE80DCD}.Release|Any CPU.ActiveCfg = Release|Any CPU
		{E1CE1FEE-67BE-6533-73AA-CC578BE80DCD}.Release|Any CPU.Build.0 = Release|Any CPU
		{2ED1CDFE-AEB5-E911-0BF3-B6FA34EC12AF}.Debug|Any CPU.ActiveCfg = Debug|Any CPU
		{2ED1CDFE-AEB5-E911-0BF3-B6FA34EC12AF}.Debug|Any CPU.Build.0 = Debug|Any CPU
		{2ED1CDFE-AEB5-E911-0BF3-B6FA34EC12AF}.Release|Any CPU.ActiveCfg = Release|Any CPU
		{2ED1CDFE-AEB5-E911-0BF3-B6FA34EC12AF}.Release|Any CPU.Build.0 = Release|Any CPU
	EndGlobalSection
	GlobalSection(SolutionProperties) = preSolution
		HideSolutionNode = FALSE
	EndGlobalSection
EndGlobal
